
Microsoft Visual Studio Solution File, Format Version 12.00
# Visual Studio 15
VisualStudioVersion = 15.0.26228.9
MinimumVisualStudioVersion = 10.0.40219.1
Project("{FAE04EC0-301F-11D3-BF4B-00C04F79EFBC}") = "12.7.CountNums", "12.7.CountNums\12.7.CountNums.csproj", "{8548BAD2-079B-4B94-AD29-58C0E998BB90}"
EndProject
Global
	GlobalSection(SolutionConfigurationPlatforms) = preSolution
		Debug|Any CPU = Debug|Any CPU
		Release|Any CPU = Release|Any CPU
	EndGlobalSection
	GlobalSection(ProjectConfigurationPlatforms) = postSolution
		{8548BAD2-079B-4B94-AD29-58C0E998BB90}.Debug|Any CPU.ActiveCfg = Debug|Any CPU
		{8548BAD2-079B-4B94-AD29-58C0E998BB90}.Debug|Any CPU.Build.0 = Debug|Any CPU
		{8548BAD2-079B-4B94-AD29-58C0E998BB90}.Release|Any CPU.ActiveCfg = Release|Any CPU
		{8548BAD2-079B-4B94-AD29-58C0E998BB90}.Release|Any CPU.Build.0 = Release|Any CPU
	EndGlobalSection
	GlobalSection(SolutionProperties) = preSolution
		HideSolutionNode = FALSE
	EndGlobalSection
EndGlobal
