
Microsoft Visual Studio Solution File, Format Version 12.00
# Visual Studio 15
VisualStudioVersion = 15.0.26228.9
MinimumVisualStudioVersion = 10.0.40219.1
Project("{FAE04EC0-301F-11D3-BF4B-00C04F79EFBC}") = "10.7.SumArrays", "10.7.SumArrays\10.7.SumArrays.csproj", "{8C2F2A4B-10CB-4206-870D-B2462BAED6CE}"
EndProject
Global
	GlobalSection(SolutionConfigurationPlatforms) = preSolution
		Debug|Any CPU = Debug|Any CPU
		Release|Any CPU = Release|Any CPU
	EndGlobalSection
	GlobalSection(ProjectConfigurationPlatforms) = postSolution
		{8C2F2A4B-10CB-4206-870D-B2462BAED6CE}.Debug|Any CPU.ActiveCfg = Debug|Any CPU
		{8C2F2A4B-10CB-4206-870D-B2462BAED6CE}.Debug|Any CPU.Build.0 = Debug|Any CPU
		{8C2F2A4B-10CB-4206-870D-B2462BAED6CE}.Release|Any CPU.ActiveCfg = Release|Any CPU
		{8C2F2A4B-10CB-4206-870D-B2462BAED6CE}.Release|Any CPU.Build.0 = Release|Any CPU
	EndGlobalSection
	GlobalSection(SolutionProperties) = preSolution
		HideSolutionNode = FALSE
	EndGlobalSection
EndGlobal
