
Microsoft Visual Studio Solution File, Format Version 12.00
# Visual Studio 15
VisualStudioVersion = 15.0.26228.9
MinimumVisualStudioVersion = 10.0.40219.1
Project("{FAE04EC0-301F-11D3-BF4B-00C04F79EFBC}") = "11.6.MaxSequenceEqualElements", "11.6.MaxSequenceEqualElements\11.6.MaxSequenceEqualElements.csproj", "{5667E49B-D444-4546-BBA5-CB5916E01AFF}"
EndProject
Global
	GlobalSection(SolutionConfigurationPlatforms) = preSolution
		Debug|Any CPU = Debug|Any CPU
		Release|Any CPU = Release|Any CPU
	EndGlobalSection
	GlobalSection(ProjectConfigurationPlatforms) = postSolution
		{5667E49B-D444-4546-BBA5-CB5916E01AFF}.Debug|Any CPU.ActiveCfg = Debug|Any CPU
		{5667E49B-D444-4546-BBA5-CB5916E01AFF}.Debug|Any CPU.Build.0 = Debug|Any CPU
		{5667E49B-D444-4546-BBA5-CB5916E01AFF}.Release|Any CPU.ActiveCfg = Release|Any CPU
		{5667E49B-D444-4546-BBA5-CB5916E01AFF}.Release|Any CPU.Build.0 = Release|Any CPU
	EndGlobalSection
	GlobalSection(SolutionProperties) = preSolution
		HideSolutionNode = FALSE
	EndGlobalSection
EndGlobal
