
Microsoft Visual Studio Solution File, Format Version 12.00
# Visual Studio 15
VisualStudioVersion = 15.0.26228.9
MinimumVisualStudioVersion = 10.0.40219.1
Project("{FAE04EC0-301F-11D3-BF4B-00C04F79EFBC}") = "7.MORE.10.SumChars", "7.MORE.10.SumChars\7.MORE.10.SumChars.csproj", "{72198302-F4D8-40CA-A15C-894B19DC70BE}"
EndProject
Global
	GlobalSection(SolutionConfigurationPlatforms) = preSolution
		Debug|Any CPU = Debug|Any CPU
		Release|Any CPU = Release|Any CPU
	EndGlobalSection
	GlobalSection(ProjectConfigurationPlatforms) = postSolution
		{72198302-F4D8-40CA-A15C-894B19DC70BE}.Debug|Any CPU.ActiveCfg = Debug|Any CPU
		{72198302-F4D8-40CA-A15C-894B19DC70BE}.Debug|Any CPU.Build.0 = Debug|Any CPU
		{72198302-F4D8-40CA-A15C-894B19DC70BE}.Release|Any CPU.ActiveCfg = Release|Any CPU
		{72198302-F4D8-40CA-A15C-894B19DC70BE}.Release|Any CPU.Build.0 = Release|Any CPU
	EndGlobalSection
	GlobalSection(SolutionProperties) = preSolution
		HideSolutionNode = FALSE
	EndGlobalSection
EndGlobal
