
Microsoft Visual Studio Solution File, Format Version 12.00
# Visual Studio 15
VisualStudioVersion = 15.0.26228.9
MinimumVisualStudioVersion = 10.0.40219.1
Project("{FAE04EC0-301F-11D3-BF4B-00C04F79EFBC}") = "7.13.VowelOrDigit", "7.13.VowelOrDigit\7.13.VowelOrDigit.csproj", "{5FB8ADD8-C497-4D27-9F17-C20FEA59746B}"
EndProject
Global
	GlobalSection(SolutionConfigurationPlatforms) = preSolution
		Debug|Any CPU = Debug|Any CPU
		Release|Any CPU = Release|Any CPU
	EndGlobalSection
	GlobalSection(ProjectConfigurationPlatforms) = postSolution
		{5FB8ADD8-C497-4D27-9F17-C20FEA59746B}.Debug|Any CPU.ActiveCfg = Debug|Any CPU
		{5FB8ADD8-C497-4D27-9F17-C20FEA59746B}.Debug|Any CPU.Build.0 = Debug|Any CPU
		{5FB8ADD8-C497-4D27-9F17-C20FEA59746B}.Release|Any CPU.ActiveCfg = Release|Any CPU
		{5FB8ADD8-C497-4D27-9F17-C20FEA59746B}.Release|Any CPU.Build.0 = Release|Any CPU
	EndGlobalSection
	GlobalSection(SolutionProperties) = preSolution
		HideSolutionNode = FALSE
	EndGlobalSection
EndGlobal
