
Microsoft Visual Studio Solution File, Format Version 12.00
# Visual Studio 15
VisualStudioVersion = 15.0.26228.9
MinimumVisualStudioVersion = 10.0.40219.1
Project("{FAE04EC0-301F-11D3-BF4B-00C04F79EFBC}") = "11.MORE.9.JumpAround", "11.MORE.9.JumpAround\11.MORE.9.JumpAround.csproj", "{AF2B263F-7D09-49A5-B8E5-075CB5471B8B}"
EndProject
Global
	GlobalSection(SolutionConfigurationPlatforms) = preSolution
		Debug|Any CPU = Debug|Any CPU
		Release|Any CPU = Release|Any CPU
	EndGlobalSection
	GlobalSection(ProjectConfigurationPlatforms) = postSolution
		{AF2B263F-7D09-49A5-B8E5-075CB5471B8B}.Debug|Any CPU.ActiveCfg = Debug|Any CPU
		{AF2B263F-7D09-49A5-B8E5-075CB5471B8B}.Debug|Any CPU.Build.0 = Debug|Any CPU
		{AF2B263F-7D09-49A5-B8E5-075CB5471B8B}.Release|Any CPU.ActiveCfg = Release|Any CPU
		{AF2B263F-7D09-49A5-B8E5-075CB5471B8B}.Release|Any CPU.Build.0 = Release|Any CPU
	EndGlobalSection
	GlobalSection(SolutionProperties) = preSolution
		HideSolutionNode = FALSE
	EndGlobalSection
EndGlobal
