
Microsoft Visual Studio Solution File, Format Version 12.00
# Visual Studio 15
VisualStudioVersion = 15.0.26228.9
MinimumVisualStudioVersion = 10.0.40219.1
Project("{FAE04EC0-301F-11D3-BF4B-00C04F79EFBC}") = "5.10.TriangleOfNums", "5.10.TriangleOfNums\5.10.TriangleOfNums.csproj", "{F1179FEF-E3DA-4F2E-BB9F-0025DE6C2F46}"
EndProject
Global
	GlobalSection(SolutionConfigurationPlatforms) = preSolution
		Debug|Any CPU = Debug|Any CPU
		Release|Any CPU = Release|Any CPU
	EndGlobalSection
	GlobalSection(ProjectConfigurationPlatforms) = postSolution
		{F1179FEF-E3DA-4F2E-BB9F-0025DE6C2F46}.Debug|Any CPU.ActiveCfg = Debug|Any CPU
		{F1179FEF-E3DA-4F2E-BB9F-0025DE6C2F46}.Debug|Any CPU.Build.0 = Debug|Any CPU
		{F1179FEF-E3DA-4F2E-BB9F-0025DE6C2F46}.Release|Any CPU.ActiveCfg = Release|Any CPU
		{F1179FEF-E3DA-4F2E-BB9F-0025DE6C2F46}.Release|Any CPU.Build.0 = Release|Any CPU
	EndGlobalSection
	GlobalSection(SolutionProperties) = preSolution
		HideSolutionNode = FALSE
	EndGlobalSection
EndGlobal
